
Microsoft Visual Studio Solution File, Format Version 12.00
# Visual Studio Version 16
VisualStudioVersion = 16.0.32106.194
MinimumVisualStudioVersion = 10.0.40219.1
Project("{FAE04EC0-301F-11D3-BF4B-00C04F79EFBC}") = "UnluCo", "UnluCo\UnluCo.csproj", "{4653FE8E-42CF-478E-BC16-5F5E24AB6D93}"
EndProject
Global
	GlobalSection(SolutionConfigurationPlatforms) = preSolution
		Debug|Any CPU = Debug|Any CPU
		Release|Any CPU = Release|Any CPU
	EndGlobalSection
	GlobalSection(ProjectConfigurationPlatforms) = postSolution
		{4653FE8E-42CF-478E-BC16-5F5E24AB6D93}.Debug|Any CPU.ActiveCfg = Debug|Any CPU
		{4653FE8E-42CF-478E-BC16-5F5E24AB6D93}.Debug|Any CPU.Build.0 = Debug|Any CPU
		{4653FE8E-42CF-478E-BC16-5F5E24AB6D93}.Release|Any CPU.ActiveCfg = Release|Any CPU
		{4653FE8E-42CF-478E-BC16-5F5E24AB6D93}.Release|Any CPU.Build.0 = Release|Any CPU
	EndGlobalSection
	GlobalSection(SolutionProperties) = preSolution
		HideSolutionNode = FALSE
	EndGlobalSection
	GlobalSection(ExtensibilityGlobals) = postSolution
		SolutionGuid = {7787FFE9-8DE3-45A9-8178-C1BCD0F00D03}
	EndGlobalSection
EndGlobal
